{
    "name": "iims_jan",
    "lockfileVersion": 2,
    "requires": true,
    "packages": {
        "": {
            "name": "iims_jan",
            "license": "ISC",
            "dependencies": {
                "string-things": "^1.0.12"
            }
        },
        "node_modules/string-things": {
            "version": "1.0.12",
            "resolved": "https://registry.npmjs.org/string-things/-/string-things-1.0.12.tgz",
            "integrity": "sha512-WP0QhNJCB/wwyFH4/Kom9kFwE30btCSnNad6cAoGPC77zXBRpV6T5/gD/6hJ0exMzNGk4cx2myRQTXgOUqjBlA=="
        }
    },
    "dependencies": {
        "string-things": {
            "version": "1.0.12",
            "resolved": "https://registry.npmjs.org/string-things/-/string-things-1.0.12.tgz",
            "integrity": "sha512-WP0QhNJCB/wwyFH4/Kom9kFwE30btCSnNad6cAoGPC77zXBRpV6T5/gD/6hJ0exMzNGk4cx2myRQTXgOUqjBlA=="
        }
    }
}
