{
    "name": "iims_jan",
    "lockfileVersion": 2,
    "requires": true,
    "packages": {
        "": {
            "name": "iims_jan",
            "license": "ISC",
            "dependencies": {
                "nodemailer": "^6.9.1",
                "string-things": "^1.0.12"
            }
        },
        "node_modules/nodemailer": {
            "version": "6.9.1",
            "resolved": "https://registry.npmjs.org/nodemailer/-/nodemailer-6.9.1.tgz",
            "integrity": "sha512-qHw7dOiU5UKNnQpXktdgQ1d3OFgRAekuvbJLcdG5dnEo/GtcTHRYM7+UfJARdOFU9WUQO8OiIamgWPmiSFHYAA==",
            "engines": {
                "node": ">=6.0.0"
            }
        },
        "node_modules/string-things": {
            "version": "1.0.12",
            "resolved": "https://registry.npmjs.org/string-things/-/string-things-1.0.12.tgz",
            "integrity": "sha512-WP0QhNJCB/wwyFH4/Kom9kFwE30btCSnNad6cAoGPC77zXBRpV6T5/gD/6hJ0exMzNGk4cx2myRQTXgOUqjBlA=="
        }
    },
    "dependencies": {
        "nodemailer": {
            "version": "6.9.1",
            "resolved": "https://registry.npmjs.org/nodemailer/-/nodemailer-6.9.1.tgz",
            "integrity": "sha512-qHw7dOiU5UKNnQpXktdgQ1d3OFgRAekuvbJLcdG5dnEo/GtcTHRYM7+UfJARdOFU9WUQO8OiIamgWPmiSFHYAA=="
        },
        "string-things": {
            "version": "1.0.12",
            "resolved": "https://registry.npmjs.org/string-things/-/string-things-1.0.12.tgz",
            "integrity": "sha512-WP0QhNJCB/wwyFH4/Kom9kFwE30btCSnNad6cAoGPC77zXBRpV6T5/gD/6hJ0exMzNGk4cx2myRQTXgOUqjBlA=="
        }
    }
}
